
Microsoft Visual Studio Solution File, Format Version 12.00
# Visual Studio Version 17
VisualStudioVersion = 17.5.33530.505
MinimumVisualStudioVersion = 10.0.40219.1
Project("{9A19103F-16F7-4668-BE54-9A1E7A4F7556}") = "ArrayAndLinkedList", "ArrayList\ArrayAndLinkedList.csproj", "{19DFCDF9-46B6-4355-A902-D0DBE0475A14}"
EndProject
Project("{9A19103F-16F7-4668-BE54-9A1E7A4F7556}") = "ArrayAndLinkedListTests", "ArrayListTests\ArrayAndLinkedListTests.csproj", "{B3EC658B-8C21-435F-9620-66ED089C4926}"
EndProject
Project("{9A19103F-16F7-4668-BE54-9A1E7A4F7556}") = "Examples", "Examples\Examples.csproj", "{0C3E6C14-48A9-4AFB-B327-18DEACD7535F}"
EndProject
Global
	GlobalSection(SolutionConfigurationPlatforms) = preSolution
		Debug|Any CPU = Debug|Any CPU
		Release|Any CPU = Release|Any CPU
	EndGlobalSection
	GlobalSection(ProjectConfigurationPlatforms) = postSolution
		{19DFCDF9-46B6-4355-A902-D0DBE0475A14}.Debug|Any CPU.ActiveCfg = Debug|Any CPU
		{19DFCDF9-46B6-4355-A902-D0DBE0475A14}.Debug|Any CPU.Build.0 = Debug|Any CPU
		{19DFCDF9-46B6-4355-A902-D0DBE0475A14}.Release|Any CPU.ActiveCfg = Release|Any CPU
		{19DFCDF9-46B6-4355-A902-D0DBE0475A14}.Release|Any CPU.Build.0 = Release|Any CPU
		{B3EC658B-8C21-435F-9620-66ED089C4926}.Debug|Any CPU.ActiveCfg = Debug|Any CPU
		{B3EC658B-8C21-435F-9620-66ED089C4926}.Debug|Any CPU.Build.0 = Debug|Any CPU
		{B3EC658B-8C21-435F-9620-66ED089C4926}.Release|Any CPU.ActiveCfg = Release|Any CPU
		{B3EC658B-8C21-435F-9620-66ED089C4926}.Release|Any CPU.Build.0 = Release|Any CPU
		{0C3E6C14-48A9-4AFB-B327-18DEACD7535F}.Debug|Any CPU.ActiveCfg = Debug|Any CPU
		{0C3E6C14-48A9-4AFB-B327-18DEACD7535F}.Debug|Any CPU.Build.0 = Debug|Any CPU
		{0C3E6C14-48A9-4AFB-B327-18DEACD7535F}.Release|Any CPU.ActiveCfg = Release|Any CPU
		{0C3E6C14-48A9-4AFB-B327-18DEACD7535F}.Release|Any CPU.Build.0 = Release|Any CPU
	EndGlobalSection
	GlobalSection(SolutionProperties) = preSolution
		HideSolutionNode = FALSE
	EndGlobalSection
	GlobalSection(ExtensibilityGlobals) = postSolution
		SolutionGuid = {0B6B4C83-9F21-4FF1-BA22-50678940BCAA}
	EndGlobalSection
EndGlobal
