
Microsoft Visual Studio Solution File, Format Version 12.00
# Visual Studio Version 17
VisualStudioVersion = 17.5.33530.505
MinimumVisualStudioVersion = 10.0.40219.1
Project("{9A19103F-16F7-4668-BE54-9A1E7A4F7556}") = "ArrayAndLinkedList", "ArrayList\ArrayAndLinkedList.csproj", "{19DFCDF9-46B6-4355-A902-D0DBE0475A14}"
EndProject
Project("{9A19103F-16F7-4668-BE54-9A1E7A4F7556}") = "Examples", "Examples\Examples.csproj", "{0C3E6C14-48A9-4AFB-B327-18DEACD7535F}"
EndProject
Project("{9A19103F-16F7-4668-BE54-9A1E7A4F7556}") = "Examples_Tests", "Examples_Tests\Examples_Tests.csproj", "{707EE583-9BAB-4194-862B-74AE2E3EA680}"
EndProject
Project("{2150E333-8FDC-42A3-9474-1A3956D46DE8}") = "List", "List", "{9B6C0C3C-B45A-4D95-B691-B046F9E82DAF}"
EndProject
Project("{2150E333-8FDC-42A3-9474-1A3956D46DE8}") = "Recursion", "Recursion", "{CAD29F51-C8DB-4908-8EFB-282CBF8AEC51}"
EndProject
Project("{2150E333-8FDC-42A3-9474-1A3956D46DE8}") = "Sudoku", "Sudoku", "{14B97FC2-FED4-498A-ADAD-CB679D939015}"
EndProject
Project("{9A19103F-16F7-4668-BE54-9A1E7A4F7556}") = "SudokuConsoleApp", "SudokuConsoleApp\SudokuConsoleApp.csproj", "{04C749DC-AF89-430F-A26E-162A980DF4D8}"
EndProject
Project("{9A19103F-16F7-4668-BE54-9A1E7A4F7556}") = "SudokuLibary", "SudokuLibary\SudokuLibary.csproj", "{05CB6FF5-2835-4498-8B45-030F1E9212C3}"
EndProject
Project("{9A19103F-16F7-4668-BE54-9A1E7A4F7556}") = "ArrayAndLinkedListTests", "ArrayAndLinkedListTests\ArrayAndLinkedListTests.csproj", "{0EAFCC37-A5FA-4779-99A2-26735CDA25A0}"
EndProject
Project("{2150E333-8FDC-42A3-9474-1A3956D46DE8}") = "TicTacToe", "TicTacToe", "{C91F54DB-287C-4396-B64F-847A027C4844}"
EndProject
Project("{9A19103F-16F7-4668-BE54-9A1E7A4F7556}") = "TicTacToeLibary", "TicTacToeLibary\TicTacToeLibary.csproj", "{53044ED7-956A-4417-AC6E-9582E0A53BA0}"
EndProject
Project("{9A19103F-16F7-4668-BE54-9A1E7A4F7556}") = "TicTacToeConsoleApp", "TicTacToeBoard\TicTacToeConsoleApp.csproj", "{D0675F0E-314A-4B4C-B48C-D64E0B56C266}"
EndProject
Project("{9A19103F-16F7-4668-BE54-9A1E7A4F7556}") = "SudokuWPF", "SudokuWPF\SudokuWPF.csproj", "{9C325A4F-C6BF-44F4-9EAE-9312115FA48A}"
EndProject
Project("{9A19103F-16F7-4668-BE54-9A1E7A4F7556}") = "TicTacToeWPF", "TicTacToeWPF\TicTacToeWPF.csproj", "{0E4D11D0-B43B-4272-85DB-3946938D7170}"
EndProject
Project("{2150E333-8FDC-42A3-9474-1A3956D46DE8}") = "Samples", "Samples", "{BB3DCAD6-71A3-4954-85D7-E39BB7A0E46E}"
EndProject
Project("{9A19103F-16F7-4668-BE54-9A1E7A4F7556}") = "MVVM", "MVVM\MVVM.csproj", "{7AC01317-3855-4C8D-94C7-044511DB8F10}"
EndProject
Project("{9A19103F-16F7-4668-BE54-9A1E7A4F7556}") = "EFDemo", "EFDemo\EFDemo.csproj", "{3880DD67-1184-407C-A0D4-1620855D93A3}"
EndProject
Project("{2150E333-8FDC-42A3-9474-1A3956D46DE8}") = "SunInfo", "SunInfo", "{FE17A6FA-C358-435D-BA43-027632CBEC40}"
EndProject
Project("{FAE04EC0-301F-11D3-BF4B-00C04F79EFBC}") = "SunInfo", "SunInfo\SunInfo.csproj", "{4F09562B-6FF9-4C08-9790-21FB62462D3E}"
EndProject
Global
	GlobalSection(SolutionConfigurationPlatforms) = preSolution
		Debug|Any CPU = Debug|Any CPU
		Release|Any CPU = Release|Any CPU
	EndGlobalSection
	GlobalSection(ProjectConfigurationPlatforms) = postSolution
		{19DFCDF9-46B6-4355-A902-D0DBE0475A14}.Debug|Any CPU.ActiveCfg = Debug|Any CPU
		{19DFCDF9-46B6-4355-A902-D0DBE0475A14}.Debug|Any CPU.Build.0 = Debug|Any CPU
		{19DFCDF9-46B6-4355-A902-D0DBE0475A14}.Release|Any CPU.ActiveCfg = Release|Any CPU
		{19DFCDF9-46B6-4355-A902-D0DBE0475A14}.Release|Any CPU.Build.0 = Release|Any CPU
		{0C3E6C14-48A9-4AFB-B327-18DEACD7535F}.Debug|Any CPU.ActiveCfg = Debug|Any CPU
		{0C3E6C14-48A9-4AFB-B327-18DEACD7535F}.Debug|Any CPU.Build.0 = Debug|Any CPU
		{0C3E6C14-48A9-4AFB-B327-18DEACD7535F}.Release|Any CPU.ActiveCfg = Release|Any CPU
		{0C3E6C14-48A9-4AFB-B327-18DEACD7535F}.Release|Any CPU.Build.0 = Release|Any CPU
		{707EE583-9BAB-4194-862B-74AE2E3EA680}.Debug|Any CPU.ActiveCfg = Debug|Any CPU
		{707EE583-9BAB-4194-862B-74AE2E3EA680}.Debug|Any CPU.Build.0 = Debug|Any CPU
		{707EE583-9BAB-4194-862B-74AE2E3EA680}.Release|Any CPU.ActiveCfg = Release|Any CPU
		{707EE583-9BAB-4194-862B-74AE2E3EA680}.Release|Any CPU.Build.0 = Release|Any CPU
		{04C749DC-AF89-430F-A26E-162A980DF4D8}.Debug|Any CPU.ActiveCfg = Debug|Any CPU
		{04C749DC-AF89-430F-A26E-162A980DF4D8}.Debug|Any CPU.Build.0 = Debug|Any CPU
		{04C749DC-AF89-430F-A26E-162A980DF4D8}.Release|Any CPU.ActiveCfg = Release|Any CPU
		{04C749DC-AF89-430F-A26E-162A980DF4D8}.Release|Any CPU.Build.0 = Release|Any CPU
		{05CB6FF5-2835-4498-8B45-030F1E9212C3}.Debug|Any CPU.ActiveCfg = Debug|Any CPU
		{05CB6FF5-2835-4498-8B45-030F1E9212C3}.Debug|Any CPU.Build.0 = Debug|Any CPU
		{05CB6FF5-2835-4498-8B45-030F1E9212C3}.Release|Any CPU.ActiveCfg = Release|Any CPU
		{05CB6FF5-2835-4498-8B45-030F1E9212C3}.Release|Any CPU.Build.0 = Release|Any CPU
		{0EAFCC37-A5FA-4779-99A2-26735CDA25A0}.Debug|Any CPU.ActiveCfg = Debug|Any CPU
		{0EAFCC37-A5FA-4779-99A2-26735CDA25A0}.Debug|Any CPU.Build.0 = Debug|Any CPU
		{0EAFCC37-A5FA-4779-99A2-26735CDA25A0}.Release|Any CPU.ActiveCfg = Release|Any CPU
		{0EAFCC37-A5FA-4779-99A2-26735CDA25A0}.Release|Any CPU.Build.0 = Release|Any CPU
		{53044ED7-956A-4417-AC6E-9582E0A53BA0}.Debug|Any CPU.ActiveCfg = Debug|Any CPU
		{53044ED7-956A-4417-AC6E-9582E0A53BA0}.Debug|Any CPU.Build.0 = Debug|Any CPU
		{53044ED7-956A-4417-AC6E-9582E0A53BA0}.Release|Any CPU.ActiveCfg = Release|Any CPU
		{53044ED7-956A-4417-AC6E-9582E0A53BA0}.Release|Any CPU.Build.0 = Release|Any CPU
		{D0675F0E-314A-4B4C-B48C-D64E0B56C266}.Debug|Any CPU.ActiveCfg = Debug|Any CPU
		{D0675F0E-314A-4B4C-B48C-D64E0B56C266}.Debug|Any CPU.Build.0 = Debug|Any CPU
		{D0675F0E-314A-4B4C-B48C-D64E0B56C266}.Release|Any CPU.ActiveCfg = Release|Any CPU
		{D0675F0E-314A-4B4C-B48C-D64E0B56C266}.Release|Any CPU.Build.0 = Release|Any CPU
		{9C325A4F-C6BF-44F4-9EAE-9312115FA48A}.Debug|Any CPU.ActiveCfg = Debug|Any CPU
		{9C325A4F-C6BF-44F4-9EAE-9312115FA48A}.Debug|Any CPU.Build.0 = Debug|Any CPU
		{9C325A4F-C6BF-44F4-9EAE-9312115FA48A}.Release|Any CPU.ActiveCfg = Release|Any CPU
		{9C325A4F-C6BF-44F4-9EAE-9312115FA48A}.Release|Any CPU.Build.0 = Release|Any CPU
		{0E4D11D0-B43B-4272-85DB-3946938D7170}.Debug|Any CPU.ActiveCfg = Debug|Any CPU
		{0E4D11D0-B43B-4272-85DB-3946938D7170}.Debug|Any CPU.Build.0 = Debug|Any CPU
		{0E4D11D0-B43B-4272-85DB-3946938D7170}.Release|Any CPU.ActiveCfg = Release|Any CPU
		{0E4D11D0-B43B-4272-85DB-3946938D7170}.Release|Any CPU.Build.0 = Release|Any CPU
		{7AC01317-3855-4C8D-94C7-044511DB8F10}.Debug|Any CPU.ActiveCfg = Debug|Any CPU
		{7AC01317-3855-4C8D-94C7-044511DB8F10}.Debug|Any CPU.Build.0 = Debug|Any CPU
		{7AC01317-3855-4C8D-94C7-044511DB8F10}.Release|Any CPU.ActiveCfg = Release|Any CPU
		{7AC01317-3855-4C8D-94C7-044511DB8F10}.Release|Any CPU.Build.0 = Release|Any CPU
		{3880DD67-1184-407C-A0D4-1620855D93A3}.Debug|Any CPU.ActiveCfg = Debug|Any CPU
		{3880DD67-1184-407C-A0D4-1620855D93A3}.Debug|Any CPU.Build.0 = Debug|Any CPU
		{3880DD67-1184-407C-A0D4-1620855D93A3}.Release|Any CPU.ActiveCfg = Release|Any CPU
		{3880DD67-1184-407C-A0D4-1620855D93A3}.Release|Any CPU.Build.0 = Release|Any CPU
		{4F09562B-6FF9-4C08-9790-21FB62462D3E}.Debug|Any CPU.ActiveCfg = Debug|Any CPU
		{4F09562B-6FF9-4C08-9790-21FB62462D3E}.Debug|Any CPU.Build.0 = Debug|Any CPU
		{4F09562B-6FF9-4C08-9790-21FB62462D3E}.Release|Any CPU.ActiveCfg = Release|Any CPU
		{4F09562B-6FF9-4C08-9790-21FB62462D3E}.Release|Any CPU.Build.0 = Release|Any CPU
	EndGlobalSection
	GlobalSection(SolutionProperties) = preSolution
		HideSolutionNode = FALSE
	EndGlobalSection
	GlobalSection(NestedProjects) = preSolution
		{19DFCDF9-46B6-4355-A902-D0DBE0475A14} = {9B6C0C3C-B45A-4D95-B691-B046F9E82DAF}
		{0C3E6C14-48A9-4AFB-B327-18DEACD7535F} = {CAD29F51-C8DB-4908-8EFB-282CBF8AEC51}
		{707EE583-9BAB-4194-862B-74AE2E3EA680} = {CAD29F51-C8DB-4908-8EFB-282CBF8AEC51}
		{04C749DC-AF89-430F-A26E-162A980DF4D8} = {14B97FC2-FED4-498A-ADAD-CB679D939015}
		{05CB6FF5-2835-4498-8B45-030F1E9212C3} = {14B97FC2-FED4-498A-ADAD-CB679D939015}
		{0EAFCC37-A5FA-4779-99A2-26735CDA25A0} = {9B6C0C3C-B45A-4D95-B691-B046F9E82DAF}
		{53044ED7-956A-4417-AC6E-9582E0A53BA0} = {C91F54DB-287C-4396-B64F-847A027C4844}
		{D0675F0E-314A-4B4C-B48C-D64E0B56C266} = {C91F54DB-287C-4396-B64F-847A027C4844}
		{9C325A4F-C6BF-44F4-9EAE-9312115FA48A} = {14B97FC2-FED4-498A-ADAD-CB679D939015}
		{0E4D11D0-B43B-4272-85DB-3946938D7170} = {C91F54DB-287C-4396-B64F-847A027C4844}
		{7AC01317-3855-4C8D-94C7-044511DB8F10} = {BB3DCAD6-71A3-4954-85D7-E39BB7A0E46E}
		{3880DD67-1184-407C-A0D4-1620855D93A3} = {BB3DCAD6-71A3-4954-85D7-E39BB7A0E46E}
		{4F09562B-6FF9-4C08-9790-21FB62462D3E} = {FE17A6FA-C358-435D-BA43-027632CBEC40}
	EndGlobalSection
	GlobalSection(ExtensibilityGlobals) = postSolution
		SolutionGuid = {0B6B4C83-9F21-4FF1-BA22-50678940BCAA}
	EndGlobalSection
EndGlobal
